
Microsoft Visual Studio Solution File, Format Version 12.00
# Visual Studio Version 17
VisualStudioVersion = 17.4.33103.184
MinimumVisualStudioVersion = 10.0.40219.1
Project("{FAE04EC0-301F-11D3-BF4B-00C04F79EFBC}") = "CryptoWallet", "CryptoWallet.csproj", "{64E627BE-475F-4205-A463-541E7B9E0B09}"
EndProject
Global
	GlobalSection(SolutionConfigurationPlatforms) = preSolution
		Debug|Any CPU = Debug|Any CPU
		Release|Any CPU = Release|Any CPU
	EndGlobalSection
	GlobalSection(ProjectConfigurationPlatforms) = postSolution
		{64E627BE-475F-4205-A463-541E7B9E0B09}.Debug|Any CPU.ActiveCfg = Debug|Any CPU
		{64E627BE-475F-4205-A463-541E7B9E0B09}.Debug|Any CPU.Build.0 = Debug|Any CPU
		{64E627BE-475F-4205-A463-541E7B9E0B09}.Release|Any CPU.ActiveCfg = Release|Any CPU
		{64E627BE-475F-4205-A463-541E7B9E0B09}.Release|Any CPU.Build.0 = Release|Any CPU
	EndGlobalSection
	GlobalSection(SolutionProperties) = preSolution
		HideSolutionNode = FALSE
	EndGlobalSection
	GlobalSection(ExtensibilityGlobals) = postSolution
		SolutionGuid = {33C70FFD-7EDF-42A5-935D-DD8CBBAD60B6}
	EndGlobalSection
EndGlobal
